{
  "version": 4,
  "terraform_version": "1.13.4",
  "serial": 21,
  "lineage": "321f93da-e59b-6770-dd45-1b2738ea5c8e",
  "outputs": {},
  "resources": [
    {
      "mode": "managed",
      "type": "azurerm_resource_group",
      "name": "rg",
      "provider": "provider[\"registry.terraform.io/hashicorp/azurerm\"]",
      "instances": [
        {
          "schema_version": 0,
          "attributes": {
            "id": "/subscriptions/f10a7eca-27b7-43fd-94f0-770ddc5a120e/resourceGroups/orderingestion-rg",
            "location": "eastasia",
            "managed_by": "",
            "name": "orderingestion-rg",
            "tags": {},
            "timeouts": null
          },
          "sensitive_attributes": [],
          "identity_schema_version": 0,
          "identity": {
            "name": "orderingestion-rg",
            "subscription_id": "f10a7eca-27b7-43fd-94f0-770ddc5a120e"
          },
          "private": "eyJlMmJmYjczMC1lY2FhLTExZTYtOGY4OC0zNDM2M2JjN2M0YzAiOnsiY3JlYXRlIjo1NDAwMDAwMDAwMDAwLCJkZWxldGUiOjU0MDAwMDAwMDAwMDAsInJlYWQiOjMwMDAwMDAwMDAwMCwidXBkYXRlIjo1NDAwMDAwMDAwMDAwfX0="
        }
      ]
    }
  ],
  "check_results": null
}
